
Microsoft Visual Studio Solution File, Format Version 12.00
# Visual Studio Version 16
VisualStudioVersion = 25.0.1700.7
MinimumVisualStudioVersion = 10.0.40219.1
Project("{FAE04EC0-301F-11D3-BF4B-00C04F79EFBC}") = "learningcsharp", "learningcsharp\learningcsharp.csproj", "{02D6A86C-6D0B-4830-A51F-5CBE34EF86A7}"
EndProject
Global
	GlobalSection(SolutionConfigurationPlatforms) = preSolution
		Debug|Any CPU = Debug|Any CPU
		Release|Any CPU = Release|Any CPU
	EndGlobalSection
	GlobalSection(ProjectConfigurationPlatforms) = postSolution
		{02D6A86C-6D0B-4830-A51F-5CBE34EF86A7}.Debug|Any CPU.ActiveCfg = Debug|Any CPU
		{02D6A86C-6D0B-4830-A51F-5CBE34EF86A7}.Debug|Any CPU.Build.0 = Debug|Any CPU
		{02D6A86C-6D0B-4830-A51F-5CBE34EF86A7}.Release|Any CPU.ActiveCfg = Release|Any CPU
		{02D6A86C-6D0B-4830-A51F-5CBE34EF86A7}.Release|Any CPU.Build.0 = Release|Any CPU
	EndGlobalSection
	GlobalSection(SolutionProperties) = preSolution
		HideSolutionNode = FALSE
	EndGlobalSection
	GlobalSection(ExtensibilityGlobals) = postSolution
		SolutionGuid = {2288E8AA-D8B4-46A1-946F-EAE092205379}
	EndGlobalSection
EndGlobal
